// !$*UTF8*$!
{
	archiveVersion = 1;
	classes = {
	};
	objectVersion = 46;
	objects = {

/* Begin PBXBuildFile section */
		38188AE61720EB8B00AF6CAD /* MCKOutboxNotice.m in Sources */ = {isa = PBXBuildFile; fileRef = 38188AE51720EB8B00AF6CAD /* MCKOutboxNotice.m */; };
		38188AE91720F89C00AF6CAD /* MCKNoticeReply.m in Sources */ = {isa = PBXBuildFile; fileRef = 38188AE81720F89C00AF6CAD /* MCKNoticeReply.m */; };
		383CC20F1701960700328A7D /* MCKDataWrapper.m in Sources */ = {isa = PBXBuildFile; fileRef = 383CC2081701960700328A7D /* MCKDataWrapper.m */; };
		383CC2101701960700328A7D /* MCKError.m in Sources */ = {isa = PBXBuildFile; fileRef = 383CC20A1701960700328A7D /* MCKError.m */; };
		383CC2111701960700328A7D /* MCKModelBase.m in Sources */ = {isa = PBXBuildFile; fileRef = 383CC20C1701960700328A7D /* MCKModelBase.m */; };
		383CC2121701960700328A7D /* MCKModelBaseIdentifier.m in Sources */ = {isa = PBXBuildFile; fileRef = 383CC20E1701960700328A7D /* MCKModelBaseIdentifier.m */; };
		383CC218170196A700328A7D /* CityData.m in Sources */ = {isa = PBXBuildFile; fileRef = 383CC215170196A700328A7D /* CityData.m */; };
		383CC219170196A700328A7D /* ProvinceData.m in Sources */ = {isa = PBXBuildFile; fileRef = 383CC217170196A700328A7D /* ProvinceData.m */; };
		383CC21D1701972500328A7D /* MCKConfiguration.m in Sources */ = {isa = PBXBuildFile; fileRef = 383CC21C1701972500328A7D /* MCKConfiguration.m */; };
		383CC2231701975900328A7D /* MCKStudyPlan.m in Sources */ = {isa = PBXBuildFile; fileRef = 383CC2201701975900328A7D /* MCKStudyPlan.m */; };
		383CC2241701975900328A7D /* MCKStudyPlans.m in Sources */ = {isa = PBXBuildFile; fileRef = 383CC2221701975900328A7D /* MCKStudyPlans.m */; };
		383CC2361701982C00328A7D /* MCKFriend.m in Sources */ = {isa = PBXBuildFile; fileRef = 383CC2271701982C00328A7D /* MCKFriend.m */; };
		383CC2371701982C00328A7D /* MCKProfile.m in Sources */ = {isa = PBXBuildFile; fileRef = 383CC2291701982C00328A7D /* MCKProfile.m */; };
		383CC2381701982C00328A7D /* MCKProfileInfo.m in Sources */ = {isa = PBXBuildFile; fileRef = 383CC22B1701982C00328A7D /* MCKProfileInfo.m */; };
		383CC2391701982C00328A7D /* MCKProfilePhoto.m in Sources */ = {isa = PBXBuildFile; fileRef = 383CC22D1701982C00328A7D /* MCKProfilePhoto.m */; };
		383CC23A1701982C00328A7D /* MCKProfileStudyDetail.m in Sources */ = {isa = PBXBuildFile; fileRef = 383CC22F1701982C00328A7D /* MCKProfileStudyDetail.m */; };
		383CC23B1701982C00328A7D /* MCKUser.m in Sources */ = {isa = PBXBuildFile; fileRef = 383CC2311701982C00328A7D /* MCKUser.m */; };
		383CC23D1701982C00328A7D /* MCKUserSettings.m in Sources */ = {isa = PBXBuildFile; fileRef = 383CC2351701982C00328A7D /* MCKUserSettings.m */; };
		383CC2541701986000328A7D /* MCKCourse.m in Sources */ = {isa = PBXBuildFile; fileRef = 383CC2401701986000328A7D /* MCKCourse.m */; };
		383CC2551701986000328A7D /* MCKCourseware.m in Sources */ = {isa = PBXBuildFile; fileRef = 383CC2421701986000328A7D /* MCKCourseware.m */; };
		383CC2571701986000328A7D /* MCKCoursewareSet.m in Sources */ = {isa = PBXBuildFile; fileRef = 383CC2461701986000328A7D /* MCKCoursewareSet.m */; };
		383CC2581701986000328A7D /* MCKExerciseItem.m in Sources */ = {isa = PBXBuildFile; fileRef = 383CC2491701986000328A7D /* MCKExerciseItem.m */; };
		383CC2591701986000328A7D /* MCKExerciseItemOption.m in Sources */ = {isa = PBXBuildFile; fileRef = 383CC24B1701986000328A7D /* MCKExerciseItemOption.m */; };
		383CC25A1701986000328A7D /* MCKFrameInfo.m in Sources */ = {isa = PBXBuildFile; fileRef = 383CC24D1701986000328A7D /* MCKFrameInfo.m */; };
		383CC25B1701986000328A7D /* MCKProgress.m in Sources */ = {isa = PBXBuildFile; fileRef = 383CC24F1701986000328A7D /* MCKProgress.m */; };
		383CC25C1701986000328A7D /* MCKProgressRanking.m in Sources */ = {isa = PBXBuildFile; fileRef = 383CC2511701986000328A7D /* MCKProgressRanking.m */; };
		383CC25D1701986000328A7D /* MCKProgressSet.m in Sources */ = {isa = PBXBuildFile; fileRef = 383CC2531701986000328A7D /* MCKProgressSet.m */; };
		383CC2731701989600328A7D /* MCKCommunity.m in Sources */ = {isa = PBXBuildFile; fileRef = 383CC2601701989600328A7D /* MCKCommunity.m */; };
		383CC2741701989600328A7D /* MCKCommunityReply.m in Sources */ = {isa = PBXBuildFile; fileRef = 383CC2621701989600328A7D /* MCKCommunityReply.m */; };
		383CC2751701989600328A7D /* MCKDialogue.m in Sources */ = {isa = PBXBuildFile; fileRef = 383CC2641701989600328A7D /* MCKDialogue.m */; };
		383CC2761701989600328A7D /* MCKDialogueDetail.m in Sources */ = {isa = PBXBuildFile; fileRef = 383CC2661701989600328A7D /* MCKDialogueDetail.m */; };
		383CC2771701989600328A7D /* MCKMessageSummary.m in Sources */ = {isa = PBXBuildFile; fileRef = 383CC2681701989600328A7D /* MCKMessageSummary.m */; };
		383CC2781701989600328A7D /* MCKMms.m in Sources */ = {isa = PBXBuildFile; fileRef = 383CC26A1701989600328A7D /* MCKMms.m */; };
		383CC2791701989600328A7D /* MCKNotice.m in Sources */ = {isa = PBXBuildFile; fileRef = 383CC26C1701989600328A7D /* MCKNotice.m */; };
		383CC27A1701989600328A7D /* MCKNotification.m in Sources */ = {isa = PBXBuildFile; fileRef = 383CC26E1701989600328A7D /* MCKNotification.m */; };
		383CC27B1701989600328A7D /* MCKVote.m in Sources */ = {isa = PBXBuildFile; fileRef = 383CC2701701989600328A7D /* MCKVote.m */; };
		383CC27C1701989600328A7D /* MCKVoteOption.m in Sources */ = {isa = PBXBuildFile; fileRef = 383CC2721701989600328A7D /* MCKVoteOption.m */; };
		383CC28B1701A07B00328A7D /* MCKCourseDataProvider.m in Sources */ = {isa = PBXBuildFile; fileRef = 383CC2841701A07B00328A7D /* MCKCourseDataProvider.m */; };
		383CC28C1701A07B00328A7D /* MCKCoursewareDataProvider.m in Sources */ = {isa = PBXBuildFile; fileRef = 383CC2861701A07B00328A7D /* MCKCoursewareDataProvider.m */; };
		383CC28D1701A07B00328A7D /* MCKExecriseDataProvider.m in Sources */ = {isa = PBXBuildFile; fileRef = 383CC2881701A07B00328A7D /* MCKExecriseDataProvider.m */; };
		383CC28E1701A07B00328A7D /* MCKProgressDataProvider.m in Sources */ = {isa = PBXBuildFile; fileRef = 383CC28A1701A07B00328A7D /* MCKProgressDataProvider.m */; };
		383CC2951701A12F00328A7D /* MCKBaseDataProvider.m in Sources */ = {isa = PBXBuildFile; fileRef = 383CC2901701A12F00328A7D /* MCKBaseDataProvider.m */; };
		383CC2961701A12F00328A7D /* MCKHTTPClient.m in Sources */ = {isa = PBXBuildFile; fileRef = 383CC2921701A12F00328A7D /* MCKHTTPClient.m */; };
		383CC2991701D06D00328A7D /* UIKit.framework in Frameworks */ = {isa = PBXBuildFile; fileRef = 383CC2981701D06B00328A7D /* UIKit.framework */; };
		383CC2A21701D55B00328A7D /* MCKFriendDataProvider.m in Sources */ = {isa = PBXBuildFile; fileRef = 383CC29F1701D55B00328A7D /* MCKFriendDataProvider.m */; };
		383CC2A31701D55B00328A7D /* MCKUserDataProvider.m in Sources */ = {isa = PBXBuildFile; fileRef = 383CC2A11701D55B00328A7D /* MCKUserDataProvider.m */; };
		383CC2A81701D59200328A7D /* MCKApnDataProvider.m in Sources */ = {isa = PBXBuildFile; fileRef = 383CC2A51701D59200328A7D /* MCKApnDataProvider.m */; };
		383CC2A91701D59200328A7D /* MCKConfigurationDataProvider.m in Sources */ = {isa = PBXBuildFile; fileRef = 383CC2A71701D59200328A7D /* MCKConfigurationDataProvider.m */; };
		383CC2B41701D5AB00328A7D /* MCKCommunityDataProvider.m in Sources */ = {isa = PBXBuildFile; fileRef = 383CC2AB1701D5AB00328A7D /* MCKCommunityDataProvider.m */; };
		383CC2B51701D5AB00328A7D /* MCKDialogueDataProvider.m in Sources */ = {isa = PBXBuildFile; fileRef = 383CC2AD1701D5AB00328A7D /* MCKDialogueDataProvider.m */; };
		383CC2B61701D5AB00328A7D /* MCKMessageSummaryDataProvider.m in Sources */ = {isa = PBXBuildFile; fileRef = 383CC2AF1701D5AB00328A7D /* MCKMessageSummaryDataProvider.m */; };
		383CC2B71701D5AB00328A7D /* MCKNoticationDataProvider.m in Sources */ = {isa = PBXBuildFile; fileRef = 383CC2B11701D5AB00328A7D /* MCKNoticationDataProvider.m */; };
		383CC2B81701D5AB00328A7D /* MCKNoticeDataProvider.m in Sources */ = {isa = PBXBuildFile; fileRef = 383CC2B31701D5AB00328A7D /* MCKNoticeDataProvider.m */; };
		38774E0017017EAC0081D5D2 /* Foundation.framework in Frameworks */ = {isa = PBXBuildFile; fileRef = 38774DFF17017EAC0081D5D2 /* Foundation.framework */; };
		38774E0517017EAC0081D5D2 /* MCampusKit.h in CopyFiles */ = {isa = PBXBuildFile; fileRef = 38774E0417017EAC0081D5D2 /* MCampusKit.h */; };
		38774E0F17017F1C0081D5D2 /* MCKDefines.m in Sources */ = {isa = PBXBuildFile; fileRef = 38774E0E17017F1C0081D5D2 /* MCKDefines.m */; };
		38774E1317018B8A0081D5D2 /* NSDictionary+MCampusKit.m in Sources */ = {isa = PBXBuildFile; fileRef = 38774E1217018B8A0081D5D2 /* NSDictionary+MCampusKit.m */; };
		38D81BC5177D5E0E00EBD137 /* MCKFriendVt.m in Sources */ = {isa = PBXBuildFile; fileRef = 38D81BC4177D5E0D00EBD137 /* MCKFriendVt.m */; };
		A546AA3C56F04E688FDCBE6E /* libPods.a in Frameworks */ = {isa = PBXBuildFile; fileRef = DB0A6C20261442B298FCA731 /* libPods.a */; };
/* End PBXBuildFile section */

/* Begin PBXCopyFilesBuildPhase section */
		38774DFA17017EAC0081D5D2 /* CopyFiles */ = {
			isa = PBXCopyFilesBuildPhase;
			buildActionMask = 2147483647;
			dstPath = "include/${PRODUCT_NAME}";
			dstSubfolderSpec = 16;
			files = (
				38774E0517017EAC0081D5D2 /* MCampusKit.h in CopyFiles */,
			);
			runOnlyForDeploymentPostprocessing = 0;
		};
/* End PBXCopyFilesBuildPhase section */

/* Begin PBXFileReference section */
		38188AE41720EB8B00AF6CAD /* MCKOutboxNotice.h */ = {isa = PBXFileReference; fileEncoding = 4; lastKnownFileType = sourcecode.c.h; path = MCKOutboxNotice.h; sourceTree = "<group>"; };
		38188AE51720EB8B00AF6CAD /* MCKOutboxNotice.m */ = {isa = PBXFileReference; fileEncoding = 4; lastKnownFileType = sourcecode.c.objc; path = MCKOutboxNotice.m; sourceTree = "<group>"; };
		38188AE71720F89C00AF6CAD /* MCKNoticeReply.h */ = {isa = PBXFileReference; fileEncoding = 4; lastKnownFileType = sourcecode.c.h; path = MCKNoticeReply.h; sourceTree = "<group>"; };
		38188AE81720F89C00AF6CAD /* MCKNoticeReply.m */ = {isa = PBXFileReference; fileEncoding = 4; lastKnownFileType = sourcecode.c.objc; path = MCKNoticeReply.m; sourceTree = "<group>"; };
		383CC2061701960700328A7D /* MCKCustomError.h */ = {isa = PBXFileReference; fileEncoding = 4; lastKnownFileType = sourcecode.c.h; path = MCKCustomError.h; sourceTree = "<group>"; };
		383CC2071701960700328A7D /* MCKDataWrapper.h */ = {isa = PBXFileReference; fileEncoding = 4; lastKnownFileType = sourcecode.c.h; path = MCKDataWrapper.h; sourceTree = "<group>"; };
		383CC2081701960700328A7D /* MCKDataWrapper.m */ = {isa = PBXFileReference; fileEncoding = 4; lastKnownFileType = sourcecode.c.objc; path = MCKDataWrapper.m; sourceTree = "<group>"; };
		383CC2091701960700328A7D /* MCKError.h */ = {isa = PBXFileReference; fileEncoding = 4; lastKnownFileType = sourcecode.c.h; path = MCKError.h; sourceTree = "<group>"; };
		383CC20A1701960700328A7D /* MCKError.m */ = {isa = PBXFileReference; fileEncoding = 4; lastKnownFileType = sourcecode.c.objc; path = MCKError.m; sourceTree = "<group>"; };
		383CC20B1701960700328A7D /* MCKModelBase.h */ = {isa = PBXFileReference; fileEncoding = 4; lastKnownFileType = sourcecode.c.h; path = MCKModelBase.h; sourceTree = "<group>"; };
		383CC20C1701960700328A7D /* MCKModelBase.m */ = {isa = PBXFileReference; fileEncoding = 4; lastKnownFileType = sourcecode.c.objc; path = MCKModelBase.m; sourceTree = "<group>"; };
		383CC20D1701960700328A7D /* MCKModelBaseIdentifier.h */ = {isa = PBXFileReference; fileEncoding = 4; lastKnownFileType = sourcecode.c.h; path = MCKModelBaseIdentifier.h; sourceTree = "<group>"; };
		383CC20E1701960700328A7D /* MCKModelBaseIdentifier.m */ = {isa = PBXFileReference; fileEncoding = 4; lastKnownFileType = sourcecode.c.objc; path = MCKModelBaseIdentifier.m; sourceTree = "<group>"; };
		383CC214170196A700328A7D /* CityData.h */ = {isa = PBXFileReference; fileEncoding = 4; lastKnownFileType = sourcecode.c.h; path = CityData.h; sourceTree = "<group>"; };
		383CC215170196A700328A7D /* CityData.m */ = {isa = PBXFileReference; fileEncoding = 4; lastKnownFileType = sourcecode.c.objc; path = CityData.m; sourceTree = "<group>"; };
		383CC216170196A700328A7D /* ProvinceData.h */ = {isa = PBXFileReference; fileEncoding = 4; lastKnownFileType = sourcecode.c.h; path = ProvinceData.h; sourceTree = "<group>"; };
		383CC217170196A700328A7D /* ProvinceData.m */ = {isa = PBXFileReference; fileEncoding = 4; lastKnownFileType = sourcecode.c.objc; path = ProvinceData.m; sourceTree = "<group>"; };
		383CC21B1701972500328A7D /* MCKConfiguration.h */ = {isa = PBXFileReference; fileEncoding = 4; lastKnownFileType = sourcecode.c.h; path = MCKConfiguration.h; sourceTree = "<group>"; };
		383CC21C1701972500328A7D /* MCKConfiguration.m */ = {isa = PBXFileReference; fileEncoding = 4; lastKnownFileType = sourcecode.c.objc; path = MCKConfiguration.m; sourceTree = "<group>"; };
		383CC21F1701975900328A7D /* MCKStudyPlan.h */ = {isa = PBXFileReference; fileEncoding = 4; lastKnownFileType = sourcecode.c.h; path = MCKStudyPlan.h; sourceTree = "<group>"; };
		383CC2201701975900328A7D /* MCKStudyPlan.m */ = {isa = PBXFileReference; fileEncoding = 4; lastKnownFileType = sourcecode.c.objc; path = MCKStudyPlan.m; sourceTree = "<group>"; };
		383CC2211701975900328A7D /* MCKStudyPlans.h */ = {isa = PBXFileReference; fileEncoding = 4; lastKnownFileType = sourcecode.c.h; path = MCKStudyPlans.h; sourceTree = "<group>"; };
		383CC2221701975900328A7D /* MCKStudyPlans.m */ = {isa = PBXFileReference; fileEncoding = 4; lastKnownFileType = sourcecode.c.objc; path = MCKStudyPlans.m; sourceTree = "<group>"; };
		383CC2261701982C00328A7D /* MCKFriend.h */ = {isa = PBXFileReference; fileEncoding = 4; lastKnownFileType = sourcecode.c.h; path = MCKFriend.h; sourceTree = "<group>"; };
		383CC2271701982C00328A7D /* MCKFriend.m */ = {isa = PBXFileReference; fileEncoding = 4; lastKnownFileType = sourcecode.c.objc; path = MCKFriend.m; sourceTree = "<group>"; };
		383CC2281701982C00328A7D /* MCKProfile.h */ = {isa = PBXFileReference; fileEncoding = 4; lastKnownFileType = sourcecode.c.h; path = MCKProfile.h; sourceTree = "<group>"; };
		383CC2291701982C00328A7D /* MCKProfile.m */ = {isa = PBXFileReference; fileEncoding = 4; lastKnownFileType = sourcecode.c.objc; path = MCKProfile.m; sourceTree = "<group>"; };
		383CC22A1701982C00328A7D /* MCKProfileInfo.h */ = {isa = PBXFileReference; fileEncoding = 4; lastKnownFileType = sourcecode.c.h; path = MCKProfileInfo.h; sourceTree = "<group>"; };
		383CC22B1701982C00328A7D /* MCKProfileInfo.m */ = {isa = PBXFileReference; fileEncoding = 4; lastKnownFileType = sourcecode.c.objc; path = MCKProfileInfo.m; sourceTree = "<group>"; };
		383CC22C1701982C00328A7D /* MCKProfilePhoto.h */ = {isa = PBXFileReference; fileEncoding = 4; lastKnownFileType = sourcecode.c.h; path = MCKProfilePhoto.h; sourceTree = "<group>"; };
		383CC22D1701982C00328A7D /* MCKProfilePhoto.m */ = {isa = PBXFileReference; fileEncoding = 4; lastKnownFileType = sourcecode.c.objc; path = MCKProfilePhoto.m; sourceTree = "<group>"; };
		383CC22E1701982C00328A7D /* MCKProfileStudyDetail.h */ = {isa = PBXFileReference; fileEncoding = 4; lastKnownFileType = sourcecode.c.h; path = MCKProfileStudyDetail.h; sourceTree = "<group>"; };
		383CC22F1701982C00328A7D /* MCKProfileStudyDetail.m */ = {isa = PBXFileReference; fileEncoding = 4; lastKnownFileType = sourcecode.c.objc; path = MCKProfileStudyDetail.m; sourceTree = "<group>"; };
		383CC2301701982C00328A7D /* MCKUser.h */ = {isa = PBXFileReference; fileEncoding = 4; lastKnownFileType = sourcecode.c.h; path = MCKUser.h; sourceTree = "<group>"; };
		383CC2311701982C00328A7D /* MCKUser.m */ = {isa = PBXFileReference; fileEncoding = 4; lastKnownFileType = sourcecode.c.objc; path = MCKUser.m; sourceTree = "<group>"; };
		383CC2341701982C00328A7D /* MCKUserSettings.h */ = {isa = PBXFileReference; fileEncoding = 4; lastKnownFileType = sourcecode.c.h; path = MCKUserSettings.h; sourceTree = "<group>"; };
		383CC2351701982C00328A7D /* MCKUserSettings.m */ = {isa = PBXFileReference; fileEncoding = 4; lastKnownFileType = sourcecode.c.objc; path = MCKUserSettings.m; sourceTree = "<group>"; };
		383CC23F1701986000328A7D /* MCKCourse.h */ = {isa = PBXFileReference; fileEncoding = 4; lastKnownFileType = sourcecode.c.h; path = MCKCourse.h; sourceTree = "<group>"; };
		383CC2401701986000328A7D /* MCKCourse.m */ = {isa = PBXFileReference; fileEncoding = 4; lastKnownFileType = sourcecode.c.objc; path = MCKCourse.m; sourceTree = "<group>"; };
		383CC2411701986000328A7D /* MCKCourseware.h */ = {isa = PBXFileReference; fileEncoding = 4; lastKnownFileType = sourcecode.c.h; path = MCKCourseware.h; sourceTree = "<group>"; };
		383CC2421701986000328A7D /* MCKCourseware.m */ = {isa = PBXFileReference; fileEncoding = 4; lastKnownFileType = sourcecode.c.objc; path = MCKCourseware.m; sourceTree = "<group>"; };
		383CC2451701986000328A7D /* MCKCoursewareSet.h */ = {isa = PBXFileReference; fileEncoding = 4; lastKnownFileType = sourcecode.c.h; path = MCKCoursewareSet.h; sourceTree = "<group>"; };
		383CC2461701986000328A7D /* MCKCoursewareSet.m */ = {isa = PBXFileReference; fileEncoding = 4; lastKnownFileType = sourcecode.c.objc; path = MCKCoursewareSet.m; sourceTree = "<group>"; };
		383CC2471701986000328A7D /* MCKCoursewareType.h */ = {isa = PBXFileReference; fileEncoding = 4; lastKnownFileType = sourcecode.c.h; path = MCKCoursewareType.h; sourceTree = "<group>"; };
		383CC2481701986000328A7D /* MCKExerciseItem.h */ = {isa = PBXFileReference; fileEncoding = 4; lastKnownFileType = sourcecode.c.h; path = MCKExerciseItem.h; sourceTree = "<group>"; };
		383CC2491701986000328A7D /* MCKExerciseItem.m */ = {isa = PBXFileReference; fileEncoding = 4; lastKnownFileType = sourcecode.c.objc; path = MCKExerciseItem.m; sourceTree = "<group>"; };
		383CC24A1701986000328A7D /* MCKExerciseItemOption.h */ = {isa = PBXFileReference; fileEncoding = 4; lastKnownFileType = sourcecode.c.h; path = MCKExerciseItemOption.h; sourceTree = "<group>"; };
		383CC24B1701986000328A7D /* MCKExerciseItemOption.m */ = {isa = PBXFileReference; fileEncoding = 4; lastKnownFileType = sourcecode.c.objc; path = MCKExerciseItemOption.m; sourceTree = "<group>"; };
		383CC24C1701986000328A7D /* MCKFrameInfo.h */ = {isa = PBXFileReference; fileEncoding = 4; lastKnownFileType = sourcecode.c.h; path = MCKFrameInfo.h; sourceTree = "<group>"; };
		383CC24D1701986000328A7D /* MCKFrameInfo.m */ = {isa = PBXFileReference; fileEncoding = 4; lastKnownFileType = sourcecode.c.objc; path = MCKFrameInfo.m; sourceTree = "<group>"; };
		383CC24E1701986000328A7D /* MCKProgress.h */ = {isa = PBXFileReference; fileEncoding = 4; lastKnownFileType = sourcecode.c.h; path = MCKProgress.h; sourceTree = "<group>"; };
		383CC24F1701986000328A7D /* MCKProgress.m */ = {isa = PBXFileReference; fileEncoding = 4; lastKnownFileType = sourcecode.c.objc; path = MCKProgress.m; sourceTree = "<group>"; };
		383CC2501701986000328A7D /* MCKProgressRanking.h */ = {isa = PBXFileReference; fileEncoding = 4; lastKnownFileType = sourcecode.c.h; path = MCKProgressRanking.h; sourceTree = "<group>"; };
		383CC2511701986000328A7D /* MCKProgressRanking.m */ = {isa = PBXFileReference; fileEncoding = 4; lastKnownFileType = sourcecode.c.objc; path = MCKProgressRanking.m; sourceTree = "<group>"; };
		383CC2521701986000328A7D /* MCKProgressSet.h */ = {isa = PBXFileReference; fileEncoding = 4; lastKnownFileType = sourcecode.c.h; path = MCKProgressSet.h; sourceTree = "<group>"; };
		383CC2531701986000328A7D /* MCKProgressSet.m */ = {isa = PBXFileReference; fileEncoding = 4; lastKnownFileType = sourcecode.c.objc; path = MCKProgressSet.m; sourceTree = "<group>"; };
		383CC25F1701989600328A7D /* MCKCommunity.h */ = {isa = PBXFileReference; fileEncoding = 4; lastKnownFileType = sourcecode.c.h; path = MCKCommunity.h; sourceTree = "<group>"; };
		383CC2601701989600328A7D /* MCKCommunity.m */ = {isa = PBXFileReference; fileEncoding = 4; lastKnownFileType = sourcecode.c.objc; path = MCKCommunity.m; sourceTree = "<group>"; };
		383CC2611701989600328A7D /* MCKCommunityReply.h */ = {isa = PBXFileReference; fileEncoding = 4; lastKnownFileType = sourcecode.c.h; path = MCKCommunityReply.h; sourceTree = "<group>"; };
		383CC2621701989600328A7D /* MCKCommunityReply.m */ = {isa = PBXFileReference; fileEncoding = 4; lastKnownFileType = sourcecode.c.objc; path = MCKCommunityReply.m; sourceTree = "<group>"; };
		383CC2631701989600328A7D /* MCKDialogue.h */ = {isa = PBXFileReference; fileEncoding = 4; lastKnownFileType = sourcecode.c.h; path = MCKDialogue.h; sourceTree = "<group>"; };
		383CC2641701989600328A7D /* MCKDialogue.m */ = {isa = PBXFileReference; fileEncoding = 4; lastKnownFileType = sourcecode.c.objc; path = MCKDialogue.m; sourceTree = "<group>"; };
		383CC2651701989600328A7D /* MCKDialogueDetail.h */ = {isa = PBXFileReference; fileEncoding = 4; lastKnownFileType = sourcecode.c.h; path = MCKDialogueDetail.h; sourceTree = "<group>"; };
		383CC2661701989600328A7D /* MCKDialogueDetail.m */ = {isa = PBXFileReference; fileEncoding = 4; lastKnownFileType = sourcecode.c.objc; path = MCKDialogueDetail.m; sourceTree = "<group>"; };
		383CC2671701989600328A7D /* MCKMessageSummary.h */ = {isa = PBXFileReference; fileEncoding = 4; lastKnownFileType = sourcecode.c.h; path = MCKMessageSummary.h; sourceTree = "<group>"; };
		383CC2681701989600328A7D /* MCKMessageSummary.m */ = {isa = PBXFileReference; fileEncoding = 4; lastKnownFileType = sourcecode.c.objc; path = MCKMessageSummary.m; sourceTree = "<group>"; };
		383CC2691701989600328A7D /* MCKMms.h */ = {isa = PBXFileReference; fileEncoding = 4; lastKnownFileType = sourcecode.c.h; path = MCKMms.h; sourceTree = "<group>"; };
		383CC26A1701989600328A7D /* MCKMms.m */ = {isa = PBXFileReference; fileEncoding = 4; lastKnownFileType = sourcecode.c.objc; path = MCKMms.m; sourceTree = "<group>"; };
		383CC26B1701989600328A7D /* MCKNotice.h */ = {isa = PBXFileReference; fileEncoding = 4; lastKnownFileType = sourcecode.c.h; path = MCKNotice.h; sourceTree = "<group>"; };
		383CC26C1701989600328A7D /* MCKNotice.m */ = {isa = PBXFileReference; fileEncoding = 4; lastKnownFileType = sourcecode.c.objc; path = MCKNotice.m; sourceTree = "<group>"; };
		383CC26D1701989600328A7D /* MCKNotification.h */ = {isa = PBXFileReference; fileEncoding = 4; lastKnownFileType = sourcecode.c.h; path = MCKNotification.h; sourceTree = "<group>"; };
		383CC26E1701989600328A7D /* MCKNotification.m */ = {isa = PBXFileReference; fileEncoding = 4; lastKnownFileType = sourcecode.c.objc; path = MCKNotification.m; sourceTree = "<group>"; };
		383CC26F1701989600328A7D /* MCKVote.h */ = {isa = PBXFileReference; fileEncoding = 4; lastKnownFileType = sourcecode.c.h; path = MCKVote.h; sourceTree = "<group>"; };
		383CC2701701989600328A7D /* MCKVote.m */ = {isa = PBXFileReference; fileEncoding = 4; lastKnownFileType = sourcecode.c.objc; path = MCKVote.m; sourceTree = "<group>"; };
		383CC2711701989600328A7D /* MCKVoteOption.h */ = {isa = PBXFileReference; fileEncoding = 4; lastKnownFileType = sourcecode.c.h; path = MCKVoteOption.h; sourceTree = "<group>"; };
		383CC2721701989600328A7D /* MCKVoteOption.m */ = {isa = PBXFileReference; fileEncoding = 4; lastKnownFileType = sourcecode.c.objc; path = MCKVoteOption.m; sourceTree = "<group>"; };
		383CC2831701A07B00328A7D /* MCKCourseDataProvider.h */ = {isa = PBXFileReference; fileEncoding = 4; lastKnownFileType = sourcecode.c.h; path = MCKCourseDataProvider.h; sourceTree = "<group>"; };
		383CC2841701A07B00328A7D /* MCKCourseDataProvider.m */ = {isa = PBXFileReference; fileEncoding = 4; lastKnownFileType = sourcecode.c.objc; path = MCKCourseDataProvider.m; sourceTree = "<group>"; };
		383CC2851701A07B00328A7D /* MCKCoursewareDataProvider.h */ = {isa = PBXFileReference; fileEncoding = 4; lastKnownFileType = sourcecode.c.h; path = MCKCoursewareDataProvider.h; sourceTree = "<group>"; };
		383CC2861701A07B00328A7D /* MCKCoursewareDataProvider.m */ = {isa = PBXFileReference; fileEncoding = 4; lastKnownFileType = sourcecode.c.objc; path = MCKCoursewareDataProvider.m; sourceTree = "<group>"; };
		383CC2871701A07B00328A7D /* MCKExecriseDataProvider.h */ = {isa = PBXFileReference; fileEncoding = 4; lastKnownFileType = sourcecode.c.h; path = MCKExecriseDataProvider.h; sourceTree = "<group>"; };
		383CC2881701A07B00328A7D /* MCKExecriseDataProvider.m */ = {isa = PBXFileReference; fileEncoding = 4; lastKnownFileType = sourcecode.c.objc; path = MCKExecriseDataProvider.m; sourceTree = "<group>"; };
		383CC2891701A07B00328A7D /* MCKProgressDataProvider.h */ = {isa = PBXFileReference; fileEncoding = 4; lastKnownFileType = sourcecode.c.h; path = MCKProgressDataProvider.h; sourceTree = "<group>"; };
		383CC28A1701A07B00328A7D /* MCKProgressDataProvider.m */ = {isa = PBXFileReference; fileEncoding = 4; lastKnownFileType = sourcecode.c.objc; path = MCKProgressDataProvider.m; sourceTree = "<group>"; };
		383CC28F1701A12F00328A7D /* MCKBaseDataProvider.h */ = {isa = PBXFileReference; fileEncoding = 4; lastKnownFileType = sourcecode.c.h; path = MCKBaseDataProvider.h; sourceTree = "<group>"; };
		383CC2901701A12F00328A7D /* MCKBaseDataProvider.m */ = {isa = PBXFileReference; fileEncoding = 4; lastKnownFileType = sourcecode.c.objc; path = MCKBaseDataProvider.m; sourceTree = "<group>"; };
		383CC2911701A12F00328A7D /* MCKHTTPClient.h */ = {isa = PBXFileReference; fileEncoding = 4; lastKnownFileType = sourcecode.c.h; path = MCKHTTPClient.h; sourceTree = "<group>"; };
		383CC2921701A12F00328A7D /* MCKHTTPClient.m */ = {isa = PBXFileReference; fileEncoding = 4; lastKnownFileType = sourcecode.c.objc; path = MCKHTTPClient.m; sourceTree = "<group>"; };
		383CC2981701D06B00328A7D /* UIKit.framework */ = {isa = PBXFileReference; lastKnownFileType = wrapper.framework; name = UIKit.framework; path = System/Library/Frameworks/UIKit.framework; sourceTree = SDKROOT; };
		383CC29E1701D55B00328A7D /* MCKFriendDataProvider.h */ = {isa = PBXFileReference; fileEncoding = 4; lastKnownFileType = sourcecode.c.h; path = MCKFriendDataProvider.h; sourceTree = "<group>"; };
		383CC29F1701D55B00328A7D /* MCKFriendDataProvider.m */ = {isa = PBXFileReference; fileEncoding = 4; lastKnownFileType = sourcecode.c.objc; path = MCKFriendDataProvider.m; sourceTree = "<group>"; };
		383CC2A01701D55B00328A7D /* MCKUserDataProvider.h */ = {isa = PBXFileReference; fileEncoding = 4; lastKnownFileType = sourcecode.c.h; path = MCKUserDataProvider.h; sourceTree = "<group>"; };
		383CC2A11701D55B00328A7D /* MCKUserDataProvider.m */ = {isa = PBXFileReference; fileEncoding = 4; lastKnownFileType = sourcecode.c.objc; path = MCKUserDataProvider.m; sourceTree = "<group>"; };
		383CC2A41701D59200328A7D /* MCKApnDataProvider.h */ = {isa = PBXFileReference; fileEncoding = 4; lastKnownFileType = sourcecode.c.h; path = MCKApnDataProvider.h; sourceTree = "<group>"; };
		383CC2A51701D59200328A7D /* MCKApnDataProvider.m */ = {isa = PBXFileReference; fileEncoding = 4; lastKnownFileType = sourcecode.c.objc; path = MCKApnDataProvider.m; sourceTree = "<group>"; };
		383CC2A61701D59200328A7D /* MCKConfigurationDataProvider.h */ = {isa = PBXFileReference; fileEncoding = 4; lastKnownFileType = sourcecode.c.h; path = MCKConfigurationDataProvider.h; sourceTree = "<group>"; };
		383CC2A71701D59200328A7D /* MCKConfigurationDataProvider.m */ = {isa = PBXFileReference; fileEncoding = 4; lastKnownFileType = sourcecode.c.objc; path = MCKConfigurationDataProvider.m; sourceTree = "<group>"; };
		383CC2AA1701D5AB00328A7D /* MCKCommunityDataProvider.h */ = {isa = PBXFileReference; fileEncoding = 4; lastKnownFileType = sourcecode.c.h; path = MCKCommunityDataProvider.h; sourceTree = "<group>"; };
		383CC2AB1701D5AB00328A7D /* MCKCommunityDataProvider.m */ = {isa = PBXFileReference; fileEncoding = 4; lastKnownFileType = sourcecode.c.objc; path = MCKCommunityDataProvider.m; sourceTree = "<group>"; };
		383CC2AC1701D5AB00328A7D /* MCKDialogueDataProvider.h */ = {isa = PBXFileReference; fileEncoding = 4; lastKnownFileType = sourcecode.c.h; path = MCKDialogueDataProvider.h; sourceTree = "<group>"; };
		383CC2AD1701D5AB00328A7D /* MCKDialogueDataProvider.m */ = {isa = PBXFileReference; fileEncoding = 4; lastKnownFileType = sourcecode.c.objc; path = MCKDialogueDataProvider.m; sourceTree = "<group>"; };
		383CC2AE1701D5AB00328A7D /* MCKMessageSummaryDataProvider.h */ = {isa = PBXFileReference; fileEncoding = 4; lastKnownFileType = sourcecode.c.h; path = MCKMessageSummaryDataProvider.h; sourceTree = "<group>"; };
		383CC2AF1701D5AB00328A7D /* MCKMessageSummaryDataProvider.m */ = {isa = PBXFileReference; fileEncoding = 4; lastKnownFileType = sourcecode.c.objc; path = MCKMessageSummaryDataProvider.m; sourceTree = "<group>"; };
		383CC2B01701D5AB00328A7D /* MCKNoticationDataProvider.h */ = {isa = PBXFileReference; fileEncoding = 4; lastKnownFileType = sourcecode.c.h; path = MCKNoticationDataProvider.h; sourceTree = "<group>"; };
		383CC2B11701D5AB00328A7D /* MCKNoticationDataProvider.m */ = {isa = PBXFileReference; fileEncoding = 4; lastKnownFileType = sourcecode.c.objc; path = MCKNoticationDataProvider.m; sourceTree = "<group>"; };
		383CC2B21701D5AB00328A7D /* MCKNoticeDataProvider.h */ = {isa = PBXFileReference; fileEncoding = 4; lastKnownFileType = sourcecode.c.h; path = MCKNoticeDataProvider.h; sourceTree = "<group>"; };
		383CC2B31701D5AB00328A7D /* MCKNoticeDataProvider.m */ = {isa = PBXFileReference; fileEncoding = 4; lastKnownFileType = sourcecode.c.objc; path = MCKNoticeDataProvider.m; sourceTree = "<group>"; };
		38774DFC17017EAC0081D5D2 /* libMCampusKit.a */ = {isa = PBXFileReference; explicitFileType = archive.ar; includeInIndex = 0; path = libMCampusKit.a; sourceTree = BUILT_PRODUCTS_DIR; };
		38774DFF17017EAC0081D5D2 /* Foundation.framework */ = {isa = PBXFileReference; lastKnownFileType = wrapper.framework; name = Foundation.framework; path = System/Library/Frameworks/Foundation.framework; sourceTree = SDKROOT; };
		38774E0417017EAC0081D5D2 /* MCampusKit.h */ = {isa = PBXFileReference; lastKnownFileType = sourcecode.c.h; path = MCampusKit.h; sourceTree = "<group>"; };
		38774E0D17017F1C0081D5D2 /* MCKDefines.h */ = {isa = PBXFileReference; fileEncoding = 4; lastKnownFileType = sourcecode.c.h; path = MCKDefines.h; sourceTree = "<group>"; };
		38774E0E17017F1C0081D5D2 /* MCKDefines.m */ = {isa = PBXFileReference; fileEncoding = 4; lastKnownFileType = sourcecode.c.objc; path = MCKDefines.m; sourceTree = "<group>"; };
		38774E1117018B8A0081D5D2 /* NSDictionary+MCampusKit.h */ = {isa = PBXFileReference; fileEncoding = 4; lastKnownFileType = sourcecode.c.h; path = "NSDictionary+MCampusKit.h"; sourceTree = "<group>"; };
		38774E1217018B8A0081D5D2 /* NSDictionary+MCampusKit.m */ = {isa = PBXFileReference; fileEncoding = 4; lastKnownFileType = sourcecode.c.objc; path = "NSDictionary+MCampusKit.m"; sourceTree = "<group>"; };
		38D81BC3177D5E0D00EBD137 /* MCKFriendVt.h */ = {isa = PBXFileReference; fileEncoding = 4; lastKnownFileType = sourcecode.c.h; path = MCKFriendVt.h; sourceTree = "<group>"; };
		38D81BC4177D5E0D00EBD137 /* MCKFriendVt.m */ = {isa = PBXFileReference; fileEncoding = 4; lastKnownFileType = sourcecode.c.objc; path = MCKFriendVt.m; sourceTree = "<group>"; };
		752AEE64653C440E830F3F34 /* Pods.xcconfig */ = {isa = PBXFileReference; includeInIndex = 1; lastKnownFileType = text.xcconfig; name = Pods.xcconfig; path = Pods/Pods.xcconfig; sourceTree = SOURCE_ROOT; };
		DB0A6C20261442B298FCA731 /* libPods.a */ = {isa = PBXFileReference; explicitFileType = archive.ar; includeInIndex = 0; path = libPods.a; sourceTree = BUILT_PRODUCTS_DIR; };
/* End PBXFileReference section */

/* Begin PBXFrameworksBuildPhase section */
		38774DF917017EAC0081D5D2 /* Frameworks */ = {
			isa = PBXFrameworksBuildPhase;
			buildActionMask = 2147483647;
			files = (
				383CC2991701D06D00328A7D /* UIKit.framework in Frameworks */,
				38774E0017017EAC0081D5D2 /* Foundation.framework in Frameworks */,
				A546AA3C56F04E688FDCBE6E /* libPods.a in Frameworks */,
			);
			runOnlyForDeploymentPostprocessing = 0;
		};
/* End PBXFrameworksBuildPhase section */

/* Begin PBXGroup section */
		383CC2131701969900328A7D /* City */ = {
			isa = PBXGroup;
			children = (
				383CC214170196A700328A7D /* CityData.h */,
				383CC215170196A700328A7D /* CityData.m */,
				383CC216170196A700328A7D /* ProvinceData.h */,
				383CC217170196A700328A7D /* ProvinceData.m */,
			);
			name = City;
			sourceTree = "<group>";
		};
		383CC21A1701971A00328A7D /* Configuration */ = {
			isa = PBXGroup;
			children = (
				383CC21B1701972500328A7D /* MCKConfiguration.h */,
				383CC21C1701972500328A7D /* MCKConfiguration.m */,
			);
			name = Configuration;
			sourceTree = "<group>";
		};
		383CC21E1701974800328A7D /* StudyPlan */ = {
			isa = PBXGroup;
			children = (
				383CC21F1701975900328A7D /* MCKStudyPlan.h */,
				383CC2201701975900328A7D /* MCKStudyPlan.m */,
				383CC2211701975900328A7D /* MCKStudyPlans.h */,
				383CC2221701975900328A7D /* MCKStudyPlans.m */,
			);
			name = StudyPlan;
			sourceTree = "<group>";
		};
		383CC2251701981F00328A7D /* User */ = {
			isa = PBXGroup;
			children = (
				38D81BC3177D5E0D00EBD137 /* MCKFriendVt.h */,
				38D81BC4177D5E0D00EBD137 /* MCKFriendVt.m */,
				383CC2261701982C00328A7D /* MCKFriend.h */,
				383CC2271701982C00328A7D /* MCKFriend.m */,
				383CC2281701982C00328A7D /* MCKProfile.h */,
				383CC2291701982C00328A7D /* MCKProfile.m */,
				383CC22A1701982C00328A7D /* MCKProfileInfo.h */,
				383CC22B1701982C00328A7D /* MCKProfileInfo.m */,
				383CC22C1701982C00328A7D /* MCKProfilePhoto.h */,
				383CC22D1701982C00328A7D /* MCKProfilePhoto.m */,
				383CC22E1701982C00328A7D /* MCKProfileStudyDetail.h */,
				383CC22F1701982C00328A7D /* MCKProfileStudyDetail.m */,
				383CC2301701982C00328A7D /* MCKUser.h */,
				383CC2311701982C00328A7D /* MCKUser.m */,
				383CC2341701982C00328A7D /* MCKUserSettings.h */,
				383CC2351701982C00328A7D /* MCKUserSettings.m */,
			);
			name = User;
			sourceTree = "<group>";
		};
		383CC23E1701984500328A7D /* Course */ = {
			isa = PBXGroup;
			children = (
				383CC23F1701986000328A7D /* MCKCourse.h */,
				383CC2401701986000328A7D /* MCKCourse.m */,
				383CC2411701986000328A7D /* MCKCourseware.h */,
				383CC2421701986000328A7D /* MCKCourseware.m */,
				383CC2451701986000328A7D /* MCKCoursewareSet.h */,
				383CC2461701986000328A7D /* MCKCoursewareSet.m */,
				383CC2471701986000328A7D /* MCKCoursewareType.h */,
				383CC2481701986000328A7D /* MCKExerciseItem.h */,
				383CC2491701986000328A7D /* MCKExerciseItem.m */,
				383CC24A1701986000328A7D /* MCKExerciseItemOption.h */,
				383CC24B1701986000328A7D /* MCKExerciseItemOption.m */,
				383CC24C1701986000328A7D /* MCKFrameInfo.h */,
				383CC24D1701986000328A7D /* MCKFrameInfo.m */,
				383CC24E1701986000328A7D /* MCKProgress.h */,
				383CC24F1701986000328A7D /* MCKProgress.m */,
				383CC2501701986000328A7D /* MCKProgressRanking.h */,
				383CC2511701986000328A7D /* MCKProgressRanking.m */,
				383CC2521701986000328A7D /* MCKProgressSet.h */,
				383CC2531701986000328A7D /* MCKProgressSet.m */,
			);
			name = Course;
			sourceTree = "<group>";
		};
		383CC25E1701986E00328A7D /* Message */ = {
			isa = PBXGroup;
			children = (
				383CC25F1701989600328A7D /* MCKCommunity.h */,
				383CC2601701989600328A7D /* MCKCommunity.m */,
				383CC2611701989600328A7D /* MCKCommunityReply.h */,
				383CC2621701989600328A7D /* MCKCommunityReply.m */,
				383CC2631701989600328A7D /* MCKDialogue.h */,
				383CC2641701989600328A7D /* MCKDialogue.m */,
				383CC2651701989600328A7D /* MCKDialogueDetail.h */,
				383CC2661701989600328A7D /* MCKDialogueDetail.m */,
				383CC2671701989600328A7D /* MCKMessageSummary.h */,
				383CC2681701989600328A7D /* MCKMessageSummary.m */,
				383CC2691701989600328A7D /* MCKMms.h */,
				383CC26A1701989600328A7D /* MCKMms.m */,
				383CC26B1701989600328A7D /* MCKNotice.h */,
				383CC26C1701989600328A7D /* MCKNotice.m */,
				383CC26D1701989600328A7D /* MCKNotification.h */,
				383CC26E1701989600328A7D /* MCKNotification.m */,
				38188AE41720EB8B00AF6CAD /* MCKOutboxNotice.h */,
				38188AE51720EB8B00AF6CAD /* MCKOutboxNotice.m */,
				383CC26F1701989600328A7D /* MCKVote.h */,
				383CC2701701989600328A7D /* MCKVote.m */,
				383CC2711701989600328A7D /* MCKVoteOption.h */,
				383CC2721701989600328A7D /* MCKVoteOption.m */,
				38188AE71720F89C00AF6CAD /* MCKNoticeReply.h */,
				38188AE81720F89C00AF6CAD /* MCKNoticeReply.m */,
			);
			name = Message;
			sourceTree = "<group>";
		};
		383CC2811701A04D00328A7D /* Data Providers */ = {
			isa = PBXGroup;
			children = (
				383CC29D1701D52C00328A7D /* User */,
				383CC29C1701D52100328A7D /* Message Center */,
				383CC29A1701D50100328A7D /* System */,
				383CC2821701A07200328A7D /* Course */,
				383CC28F1701A12F00328A7D /* MCKBaseDataProvider.h */,
				383CC2901701A12F00328A7D /* MCKBaseDataProvider.m */,
				383CC2911701A12F00328A7D /* MCKHTTPClient.h */,
				383CC2921701A12F00328A7D /* MCKHTTPClient.m */,
			);
			name = "Data Providers";
			sourceTree = "<group>";
		};
		383CC2821701A07200328A7D /* Course */ = {
			isa = PBXGroup;
			children = (
				383CC2831701A07B00328A7D /* MCKCourseDataProvider.h */,
				383CC2841701A07B00328A7D /* MCKCourseDataProvider.m */,
				383CC2851701A07B00328A7D /* MCKCoursewareDataProvider.h */,
				383CC2861701A07B00328A7D /* MCKCoursewareDataProvider.m */,
				383CC2871701A07B00328A7D /* MCKExecriseDataProvider.h */,
				383CC2881701A07B00328A7D /* MCKExecriseDataProvider.m */,
				383CC2891701A07B00328A7D /* MCKProgressDataProvider.h */,
				383CC28A1701A07B00328A7D /* MCKProgressDataProvider.m */,
			);
			name = Course;
			sourceTree = "<group>";
		};
		383CC29A1701D50100328A7D /* System */ = {
			isa = PBXGroup;
			children = (
				383CC2A41701D59200328A7D /* MCKApnDataProvider.h */,
				383CC2A51701D59200328A7D /* MCKApnDataProvider.m */,
				383CC2A61701D59200328A7D /* MCKConfigurationDataProvider.h */,
				383CC2A71701D59200328A7D /* MCKConfigurationDataProvider.m */,
			);
			name = System;
			sourceTree = "<group>";
		};
		383CC29C1701D52100328A7D /* Message Center */ = {
			isa = PBXGroup;
			children = (
				383CC2AA1701D5AB00328A7D /* MCKCommunityDataProvider.h */,
				383CC2AB1701D5AB00328A7D /* MCKCommunityDataProvider.m */,
				383CC2AC1701D5AB00328A7D /* MCKDialogueDataProvider.h */,
				383CC2AD1701D5AB00328A7D /* MCKDialogueDataProvider.m */,
				383CC2AE1701D5AB00328A7D /* MCKMessageSummaryDataProvider.h */,
				383CC2AF1701D5AB00328A7D /* MCKMessageSummaryDataProvider.m */,
				383CC2B01701D5AB00328A7D /* MCKNoticationDataProvider.h */,
				383CC2B11701D5AB00328A7D /* MCKNoticationDataProvider.m */,
				383CC2B21701D5AB00328A7D /* MCKNoticeDataProvider.h */,
				383CC2B31701D5AB00328A7D /* MCKNoticeDataProvider.m */,
			);
			name = "Message Center";
			sourceTree = "<group>";
		};
		383CC29D1701D52C00328A7D /* User */ = {
			isa = PBXGroup;
			children = (
				383CC29E1701D55B00328A7D /* MCKFriendDataProvider.h */,
				383CC29F1701D55B00328A7D /* MCKFriendDataProvider.m */,
				383CC2A01701D55B00328A7D /* MCKUserDataProvider.h */,
				383CC2A11701D55B00328A7D /* MCKUserDataProvider.m */,
			);
			name = User;
			sourceTree = "<group>";
		};
		38774DF317017EAC0081D5D2 = {
			isa = PBXGroup;
			children = (
				38774E0117017EAC0081D5D2 /* MCampusKit */,
				38774DFE17017EAC0081D5D2 /* Frameworks */,
				38774DFD17017EAC0081D5D2 /* Products */,
				752AEE64653C440E830F3F34 /* Pods.xcconfig */,
			);
			sourceTree = "<group>";
		};
		38774DFD17017EAC0081D5D2 /* Products */ = {
			isa = PBXGroup;
			children = (
				38774DFC17017EAC0081D5D2 /* libMCampusKit.a */,
			);
			name = Products;
			sourceTree = "<group>";
		};
		38774DFE17017EAC0081D5D2 /* Frameworks */ = {
			isa = PBXGroup;
			children = (
				383CC2981701D06B00328A7D /* UIKit.framework */,
				38774DFF17017EAC0081D5D2 /* Foundation.framework */,
				DB0A6C20261442B298FCA731 /* libPods.a */,
			);
			name = Frameworks;
			sourceTree = "<group>";
		};
		38774E0117017EAC0081D5D2 /* MCampusKit */ = {
			isa = PBXGroup;
			children = (
				383CC2811701A04D00328A7D /* Data Providers */,
				38774E1A17018C5F0081D5D2 /* Models */,
				38774E1017018B640081D5D2 /* Categories */,
				38774E0417017EAC0081D5D2 /* MCampusKit.h */,
				38774E0D17017F1C0081D5D2 /* MCKDefines.h */,
				38774E0E17017F1C0081D5D2 /* MCKDefines.m */,
			);
			path = MCampusKit;
			sourceTree = "<group>";
		};
		38774E1017018B640081D5D2 /* Categories */ = {
			isa = PBXGroup;
			children = (
				38774E1117018B8A0081D5D2 /* NSDictionary+MCampusKit.h */,
				38774E1217018B8A0081D5D2 /* NSDictionary+MCampusKit.m */,
			);
			name = Categories;
			sourceTree = "<group>";
		};
		38774E1A17018C5F0081D5D2 /* Models */ = {
			isa = PBXGroup;
			children = (
				383CC25E1701986E00328A7D /* Message */,
				383CC23E1701984500328A7D /* Course */,
				383CC2251701981F00328A7D /* User */,
				383CC21E1701974800328A7D /* StudyPlan */,
				383CC21A1701971A00328A7D /* Configuration */,
				383CC2131701969900328A7D /* City */,
				383CC2061701960700328A7D /* MCKCustomError.h */,
				383CC2071701960700328A7D /* MCKDataWrapper.h */,
				383CC2081701960700328A7D /* MCKDataWrapper.m */,
				383CC2091701960700328A7D /* MCKError.h */,
				383CC20A1701960700328A7D /* MCKError.m */,
				383CC20B1701960700328A7D /* MCKModelBase.h */,
				383CC20C1701960700328A7D /* MCKModelBase.m */,
				383CC20D1701960700328A7D /* MCKModelBaseIdentifier.h */,
				383CC20E1701960700328A7D /* MCKModelBaseIdentifier.m */,
			);
			name = Models;
			sourceTree = "<group>";
		};
/* End PBXGroup section */

/* Begin PBXNativeTarget section */
		38774DFB17017EAC0081D5D2 /* MCampusKit */ = {
			isa = PBXNativeTarget;
			buildConfigurationList = 38774E0A17017EAC0081D5D2 /* Build configuration list for PBXNativeTarget "MCampusKit" */;
			buildPhases = (
				38774DF817017EAC0081D5D2 /* Sources */,
				38774DF917017EAC0081D5D2 /* Frameworks */,
				38774DFA17017EAC0081D5D2 /* CopyFiles */,
				ED395A71D8E74C658A08BB22 /* Copy Pods Resources */,
				38D6B08C17154DBE0068F813 /* ShellScript */,
			);
			buildRules = (
			);
			dependencies = (
			);
			name = MCampusKit;
			productName = MCampusKit;
			productReference = 38774DFC17017EAC0081D5D2 /* libMCampusKit.a */;
			productType = "com.apple.product-type.library.static";
		};
/* End PBXNativeTarget section */

/* Begin PBXProject section */
		38774DF417017EAC0081D5D2 /* Project object */ = {
			isa = PBXProject;
			attributes = {
				LastUpgradeCheck = 0460;
				ORGANIZATIONNAME = "Lanvige Jiang";
			};
			buildConfigurationList = 38774DF717017EAC0081D5D2 /* Build configuration list for PBXProject "MCampusKit" */;
			compatibilityVersion = "Xcode 3.2";
			developmentRegion = English;
			hasScannedForEncodings = 0;
			knownRegions = (
				en,
			);
			mainGroup = 38774DF317017EAC0081D5D2;
			productRefGroup = 38774DFD17017EAC0081D5D2 /* Products */;
			projectDirPath = "";
			projectRoot = "";
			targets = (
				38774DFB17017EAC0081D5D2 /* MCampusKit */,
			);
		};
/* End PBXProject section */

/* Begin PBXShellScriptBuildPhase section */
		38D6B08C17154DBE0068F813 /* ShellScript */ = {
			isa = PBXShellScriptBuildPhase;
			buildActionMask = 2147483647;
			files = (
			);
			inputPaths = (
			);
			outputPaths = (
			);
			runOnlyForDeploymentPostprocessing = 0;
			shellPath = /bin/sh;
			shellScript = "KEYWORDS=\"TODO:|FIXME:|\\?\\?\\?:|\\!\\!\\!:\"\nfind \"${SRCROOT}\" \\( -name \"*.h\" -or -name \"*.m\" \\) -print0 | xargs -0 egrep --with-filename --line-number --only-matching \"($KEYWORDS).*\\$\" | perl -p -e \"s/($KEYWORDS)/ warning: \\$1/\"";
		};
		ED395A71D8E74C658A08BB22 /* Copy Pods Resources */ = {
			isa = PBXShellScriptBuildPhase;
			buildActionMask = 2147483647;
			files = (
			);
			inputPaths = (
			);
			name = "Copy Pods Resources";
			outputPaths = (
			);
			runOnlyForDeploymentPostprocessing = 0;
			shellPath = /bin/sh;
			shellScript = "\"${SRCROOT}/Pods/Pods-resources.sh\"\n";
		};
/* End PBXShellScriptBuildPhase section */

/* Begin PBXSourcesBuildPhase section */
		38774DF817017EAC0081D5D2 /* Sources */ = {
			isa = PBXSourcesBuildPhase;
			buildActionMask = 2147483647;
			files = (
				38774E0F17017F1C0081D5D2 /* MCKDefines.m in Sources */,
				38774E1317018B8A0081D5D2 /* NSDictionary+MCampusKit.m in Sources */,
				383CC20F1701960700328A7D /* MCKDataWrapper.m in Sources */,
				383CC2101701960700328A7D /* MCKError.m in Sources */,
				383CC2111701960700328A7D /* MCKModelBase.m in Sources */,
				383CC2121701960700328A7D /* MCKModelBaseIdentifier.m in Sources */,
				383CC218170196A700328A7D /* CityData.m in Sources */,
				383CC219170196A700328A7D /* ProvinceData.m in Sources */,
				383CC21D1701972500328A7D /* MCKConfiguration.m in Sources */,
				383CC2231701975900328A7D /* MCKStudyPlan.m in Sources */,
				383CC2241701975900328A7D /* MCKStudyPlans.m in Sources */,
				383CC2361701982C00328A7D /* MCKFriend.m in Sources */,
				383CC2371701982C00328A7D /* MCKProfile.m in Sources */,
				383CC2381701982C00328A7D /* MCKProfileInfo.m in Sources */,
				383CC2391701982C00328A7D /* MCKProfilePhoto.m in Sources */,
				383CC23A1701982C00328A7D /* MCKProfileStudyDetail.m in Sources */,
				383CC23B1701982C00328A7D /* MCKUser.m in Sources */,
				383CC23D1701982C00328A7D /* MCKUserSettings.m in Sources */,
				383CC2541701986000328A7D /* MCKCourse.m in Sources */,
				383CC2551701986000328A7D /* MCKCourseware.m in Sources */,
				383CC2571701986000328A7D /* MCKCoursewareSet.m in Sources */,
				383CC2581701986000328A7D /* MCKExerciseItem.m in Sources */,
				383CC2591701986000328A7D /* MCKExerciseItemOption.m in Sources */,
				383CC25A1701986000328A7D /* MCKFrameInfo.m in Sources */,
				383CC25B1701986000328A7D /* MCKProgress.m in Sources */,
				383CC25C1701986000328A7D /* MCKProgressRanking.m in Sources */,
				383CC25D1701986000328A7D /* MCKProgressSet.m in Sources */,
				383CC2731701989600328A7D /* MCKCommunity.m in Sources */,
				383CC2741701989600328A7D /* MCKCommunityReply.m in Sources */,
				383CC2751701989600328A7D /* MCKDialogue.m in Sources */,
				383CC2761701989600328A7D /* MCKDialogueDetail.m in Sources */,
				383CC2771701989600328A7D /* MCKMessageSummary.m in Sources */,
				383CC2781701989600328A7D /* MCKMms.m in Sources */,
				383CC2791701989600328A7D /* MCKNotice.m in Sources */,
				383CC27A1701989600328A7D /* MCKNotification.m in Sources */,
				383CC27B1701989600328A7D /* MCKVote.m in Sources */,
				383CC27C1701989600328A7D /* MCKVoteOption.m in Sources */,
				383CC28B1701A07B00328A7D /* MCKCourseDataProvider.m in Sources */,
				383CC28C1701A07B00328A7D /* MCKCoursewareDataProvider.m in Sources */,
				383CC28D1701A07B00328A7D /* MCKExecriseDataProvider.m in Sources */,
				383CC28E1701A07B00328A7D /* MCKProgressDataProvider.m in Sources */,
				383CC2951701A12F00328A7D /* MCKBaseDataProvider.m in Sources */,
				383CC2961701A12F00328A7D /* MCKHTTPClient.m in Sources */,
				383CC2A21701D55B00328A7D /* MCKFriendDataProvider.m in Sources */,
				383CC2A31701D55B00328A7D /* MCKUserDataProvider.m in Sources */,
				383CC2A81701D59200328A7D /* MCKApnDataProvider.m in Sources */,
				383CC2A91701D59200328A7D /* MCKConfigurationDataProvider.m in Sources */,
				383CC2B41701D5AB00328A7D /* MCKCommunityDataProvider.m in Sources */,
				383CC2B51701D5AB00328A7D /* MCKDialogueDataProvider.m in Sources */,
				383CC2B61701D5AB00328A7D /* MCKMessageSummaryDataProvider.m in Sources */,
				383CC2B71701D5AB00328A7D /* MCKNoticationDataProvider.m in Sources */,
				383CC2B81701D5AB00328A7D /* MCKNoticeDataProvider.m in Sources */,
				38188AE61720EB8B00AF6CAD /* MCKOutboxNotice.m in Sources */,
				38188AE91720F89C00AF6CAD /* MCKNoticeReply.m in Sources */,
				38D81BC5177D5E0E00EBD137 /* MCKFriendVt.m in Sources */,
			);
			runOnlyForDeploymentPostprocessing = 0;
		};
/* End PBXSourcesBuildPhase section */

/* Begin XCBuildConfiguration section */
		38774E0817017EAC0081D5D2 /* Debug */ = {
			isa = XCBuildConfiguration;
			buildSettings = {
				ALWAYS_SEARCH_USER_PATHS = NO;
				CLANG_CXX_LANGUAGE_STANDARD = "gnu++0x";
				CLANG_CXX_LIBRARY = "libc++";
				CLANG_ENABLE_OBJC_ARC = YES;
				CLANG_WARN_CONSTANT_CONVERSION = YES;
				CLANG_WARN_EMPTY_BODY = YES;
				CLANG_WARN_ENUM_CONVERSION = YES;
				CLANG_WARN_INT_CONVERSION = YES;
				CLANG_WARN__DUPLICATE_METHOD_MATCH = YES;
				COPY_PHASE_STRIP = NO;
				GCC_C_LANGUAGE_STANDARD = gnu99;
				GCC_DYNAMIC_NO_PIC = NO;
				GCC_OPTIMIZATION_LEVEL = 0;
				GCC_PREPROCESSOR_DEFINITIONS = (
					"DEBUG=1",
					"$(inherited)",
				);
				GCC_SYMBOLS_PRIVATE_EXTERN = NO;
				GCC_WARN_ABOUT_RETURN_TYPE = YES;
				GCC_WARN_UNINITIALIZED_AUTOS = YES;
				GCC_WARN_UNUSED_VARIABLE = YES;
				IPHONEOS_DEPLOYMENT_TARGET = 5.0;
				ONLY_ACTIVE_ARCH = YES;
				SDKROOT = iphoneos;
			};
			name = Debug;
		};
		38774E0917017EAC0081D5D2 /* Release */ = {
			isa = XCBuildConfiguration;
			buildSettings = {
				ALWAYS_SEARCH_USER_PATHS = NO;
				CLANG_CXX_LANGUAGE_STANDARD = "gnu++0x";
				CLANG_CXX_LIBRARY = "libc++";
				CLANG_ENABLE_OBJC_ARC = YES;
				CLANG_WARN_CONSTANT_CONVERSION = YES;
				CLANG_WARN_EMPTY_BODY = YES;
				CLANG_WARN_ENUM_CONVERSION = YES;
				CLANG_WARN_INT_CONVERSION = YES;
				CLANG_WARN__DUPLICATE_METHOD_MATCH = YES;
				COPY_PHASE_STRIP = YES;
				GCC_C_LANGUAGE_STANDARD = gnu99;
				GCC_WARN_ABOUT_RETURN_TYPE = YES;
				GCC_WARN_UNINITIALIZED_AUTOS = YES;
				GCC_WARN_UNUSED_VARIABLE = YES;
				IPHONEOS_DEPLOYMENT_TARGET = 5.0;
				SDKROOT = iphoneos;
				VALIDATE_PRODUCT = YES;
			};
			name = Release;
		};
		38774E0B17017EAC0081D5D2 /* Debug */ = {
			isa = XCBuildConfiguration;
			baseConfigurationReference = 752AEE64653C440E830F3F34 /* Pods.xcconfig */;
			buildSettings = {
				DSTROOT = /tmp/MCampusKit.dst;
				GCC_PRECOMPILE_PREFIX_HEADER = NO;
				GCC_PREFIX_HEADER = "";
				OTHER_LDFLAGS = "-ObjC";
				PRODUCT_NAME = "$(TARGET_NAME)";
				SKIP_INSTALL = YES;
			};
			name = Debug;
		};
		38774E0C17017EAC0081D5D2 /* Release */ = {
			isa = XCBuildConfiguration;
			baseConfigurationReference = 752AEE64653C440E830F3F34 /* Pods.xcconfig */;
			buildSettings = {
				DSTROOT = /tmp/MCampusKit.dst;
				GCC_PRECOMPILE_PREFIX_HEADER = NO;
				GCC_PREFIX_HEADER = "";
				OTHER_LDFLAGS = "-ObjC";
				PRODUCT_NAME = "$(TARGET_NAME)";
				SKIP_INSTALL = YES;
			};
			name = Release;
		};
/* End XCBuildConfiguration section */

/* Begin XCConfigurationList section */
		38774DF717017EAC0081D5D2 /* Build configuration list for PBXProject "MCampusKit" */ = {
			isa = XCConfigurationList;
			buildConfigurations = (
				38774E0817017EAC0081D5D2 /* Debug */,
				38774E0917017EAC0081D5D2 /* Release */,
			);
			defaultConfigurationIsVisible = 0;
			defaultConfigurationName = Release;
		};
		38774E0A17017EAC0081D5D2 /* Build configuration list for PBXNativeTarget "MCampusKit" */ = {
			isa = XCConfigurationList;
			buildConfigurations = (
				38774E0B17017EAC0081D5D2 /* Debug */,
				38774E0C17017EAC0081D5D2 /* Release */,
			);
			defaultConfigurationIsVisible = 0;
			defaultConfigurationName = Release;
		};
/* End XCConfigurationList section */
	};
	rootObject = 38774DF417017EAC0081D5D2 /* Project object */;
}
